schema: '2.0'
stages:
  prepare:
    cmd: uv run python src/stuperml/data.py
    deps:
    - path: configs/
      hash: md5
      md5: ee5e0786da646aabb04b31d51acb66d1.dir
      size: 5117
      nfiles: 5
    - path: src/stuperml/data.py
      hash: md5
      md5: 3cfa3fed32f0ad2252d2ff059e91aba2
      size: 9749
    outs:
    - path: data/
      hash: md5
      md5: 39acef67ecb5fdbce34c2afa81e4d489.dir
      size: 1297207
      nfiles: 10
